
Microsoft Visual Studio Solution File, Format Version 12.00
# Visual Studio Version 16
VisualStudioVersion = 16.0.29326.143
MinimumVisualStudioVersion = 10.0.40219.1
Project("{FAE04EC0-301F-11D3-BF4B-00C04F79EFBC}") = "CCU2.0_Server", "CCU2.0_Server\CCU2.0_Server.csproj", "{90FDA2C4-69C4-4C45-96E7-653EB423DCAE}"
EndProject
Global
	GlobalSection(SolutionConfigurationPlatforms) = preSolution
		Debug|Any CPU = Debug|Any CPU
		Release|Any CPU = Release|Any CPU
	EndGlobalSection
	GlobalSection(ProjectConfigurationPlatforms) = postSolution
		{90FDA2C4-69C4-4C45-96E7-653EB423DCAE}.Debug|Any CPU.ActiveCfg = Debug|Any CPU
		{90FDA2C4-69C4-4C45-96E7-653EB423DCAE}.Debug|Any CPU.Build.0 = Debug|Any CPU
		{90FDA2C4-69C4-4C45-96E7-653EB423DCAE}.Release|Any CPU.ActiveCfg = Release|Any CPU
		{90FDA2C4-69C4-4C45-96E7-653EB423DCAE}.Release|Any CPU.Build.0 = Release|Any CPU
	EndGlobalSection
	GlobalSection(SolutionProperties) = preSolution
		HideSolutionNode = FALSE
	EndGlobalSection
	GlobalSection(ExtensibilityGlobals) = postSolution
		SolutionGuid = {717DA669-80D6-408B-BD0E-B77C5E729C15}
	EndGlobalSection
EndGlobal
